
Microsoft Visual Studio Solution File, Format Version 12.00
# Visual Studio Version 17
VisualStudioVersion = 17.6.33723.286
MinimumVisualStudioVersion = 10.0.40219.1
Project("{9A19103F-16F7-4668-BE54-9A1E7A4F7556}") = "PresentationLayer", "PresentationLayer\PresentationLayer.csproj", "{243BA8E7-2E9E-4147-A358-81D3B42EBEA1}"
EndProject
Project("{9A19103F-16F7-4668-BE54-9A1E7A4F7556}") = "BusinessLayer", "BusinessLayer\BusinessLayer.csproj", "{2C98789D-3180-48FF-A947-AEFC6112B402}"
EndProject
Project("{9A19103F-16F7-4668-BE54-9A1E7A4F7556}") = "DAL", "DataAccessLayer\DAL.csproj", "{C085AF0E-5ED4-4108-AF09-17C179FFFE17}"
EndProject
Global
	GlobalSection(SolutionConfigurationPlatforms) = preSolution
		Debug|Any CPU = Debug|Any CPU
		Release|Any CPU = Release|Any CPU
	EndGlobalSection
	GlobalSection(ProjectConfigurationPlatforms) = postSolution
		{243BA8E7-2E9E-4147-A358-81D3B42EBEA1}.Debug|Any CPU.ActiveCfg = Debug|Any CPU
		{243BA8E7-2E9E-4147-A358-81D3B42EBEA1}.Debug|Any CPU.Build.0 = Debug|Any CPU
		{243BA8E7-2E9E-4147-A358-81D3B42EBEA1}.Release|Any CPU.ActiveCfg = Release|Any CPU
		{243BA8E7-2E9E-4147-A358-81D3B42EBEA1}.Release|Any CPU.Build.0 = Release|Any CPU
		{2C98789D-3180-48FF-A947-AEFC6112B402}.Debug|Any CPU.ActiveCfg = Debug|Any CPU
		{2C98789D-3180-48FF-A947-AEFC6112B402}.Debug|Any CPU.Build.0 = Debug|Any CPU
		{2C98789D-3180-48FF-A947-AEFC6112B402}.Release|Any CPU.ActiveCfg = Release|Any CPU
		{2C98789D-3180-48FF-A947-AEFC6112B402}.Release|Any CPU.Build.0 = Release|Any CPU
		{C085AF0E-5ED4-4108-AF09-17C179FFFE17}.Debug|Any CPU.ActiveCfg = Debug|Any CPU
		{C085AF0E-5ED4-4108-AF09-17C179FFFE17}.Debug|Any CPU.Build.0 = Debug|Any CPU
		{C085AF0E-5ED4-4108-AF09-17C179FFFE17}.Release|Any CPU.ActiveCfg = Release|Any CPU
		{C085AF0E-5ED4-4108-AF09-17C179FFFE17}.Release|Any CPU.Build.0 = Release|Any CPU
	EndGlobalSection
	GlobalSection(SolutionProperties) = preSolution
		HideSolutionNode = FALSE
	EndGlobalSection
	GlobalSection(ExtensibilityGlobals) = postSolution
		SolutionGuid = {B8BC9ABA-E2F1-4874-AF74-B9F1A5AC60B7}
	EndGlobalSection
EndGlobal
